
Microsoft Visual Studio Solution File, Format Version 12.00
# Visual Studio Version 17
VisualStudioVersion = 17.8.34601.278
MinimumVisualStudioVersion = 10.0.40219.1
Project("{FAE04EC0-301F-11D3-BF4B-00C04F79EFBC}") = "W05L03", "W05L03\W05L03.csproj", "{8690B97E-9E2E-4299-A32F-EC270BE0F005}"
EndProject
Global
	GlobalSection(SolutionConfigurationPlatforms) = preSolution
		Debug|Any CPU = Debug|Any CPU
		Release|Any CPU = Release|Any CPU
	EndGlobalSection
	GlobalSection(ProjectConfigurationPlatforms) = postSolution
		{8690B97E-9E2E-4299-A32F-EC270BE0F005}.Debug|Any CPU.ActiveCfg = Debug|Any CPU
		{8690B97E-9E2E-4299-A32F-EC270BE0F005}.Debug|Any CPU.Build.0 = Debug|Any CPU
		{8690B97E-9E2E-4299-A32F-EC270BE0F005}.Release|Any CPU.ActiveCfg = Release|Any CPU
		{8690B97E-9E2E-4299-A32F-EC270BE0F005}.Release|Any CPU.Build.0 = Release|Any CPU
	EndGlobalSection
	GlobalSection(SolutionProperties) = preSolution
		HideSolutionNode = FALSE
	EndGlobalSection
	GlobalSection(ExtensibilityGlobals) = postSolution
		SolutionGuid = {4854B318-E983-4AA7-8166-3D93BEC32DE8}
	EndGlobalSection
EndGlobal
